{
  "name": "@sellalong/terraform-aws-lambda-cd",
  "version": "0.1.0",
  "lockfileVersion": 2,
  "requires": true,
  "packages": {
    "": {
      "name": "@sellalong/terraform-aws-lambda-cd",
      "version": "0.1.0",
      "license": "UNLICENSED",
      "engines": {
        "node": ">=14",
        "npm": ">=7"
      }
    }
  }
}
