{
  "name": "integration_test",
  "version": "0.1.0",
  "lockfileVersion": 2,
  "requires": true,
  "packages": {
    "": {
      "name": "integration_test",
      "version": "0.1.0",
      "license": "MIT",
      "devDependencies": {
        "@types/aws-lambda": "^8.10.77",
        "typescript": "^4.3.5"
      },
      "engines": {
        "node": ">=14",
        "npm": ">=7"
      }
    },
    "node_modules/@types/aws-lambda": {
      "version": "8.10.77",
      "resolved": "https://registry.npmjs.org/@types/aws-lambda/-/aws-lambda-8.10.77.tgz",
      "integrity": "sha512-n0EMFJU/7u3KvHrR83l/zrKOVURXl5pUJPNED/Bzjah89QKCHwCiKCBoVUXRwTGRfCYGIDdinJaAlKDHZdp/Ng==",
      "dev": true
    },
    "node_modules/typescript": {
      "version": "4.3.5",
      "resolved": "https://registry.npmjs.org/typescript/-/typescript-4.3.5.tgz",
      "integrity": "sha512-DqQgihaQ9cUrskJo9kIyW/+g0Vxsk8cDtZ52a3NGh0YNTfpUSArXSohyUGnvbPazEPLu398C0UxmKSOrPumUzA==",
      "dev": true,
      "bin": {
        "tsc": "bin/tsc",
        "tsserver": "bin/tsserver"
      },
      "engines": {
        "node": ">=4.2.0"
      }
    }
  },
  "dependencies": {
    "@types/aws-lambda": {
      "version": "8.10.77",
      "resolved": "https://registry.npmjs.org/@types/aws-lambda/-/aws-lambda-8.10.77.tgz",
      "integrity": "sha512-n0EMFJU/7u3KvHrR83l/zrKOVURXl5pUJPNED/Bzjah89QKCHwCiKCBoVUXRwTGRfCYGIDdinJaAlKDHZdp/Ng==",
      "dev": true
    },
    "typescript": {
      "version": "4.3.5",
      "resolved": "https://registry.npmjs.org/typescript/-/typescript-4.3.5.tgz",
      "integrity": "sha512-DqQgihaQ9cUrskJo9kIyW/+g0Vxsk8cDtZ52a3NGh0YNTfpUSArXSohyUGnvbPazEPLu398C0UxmKSOrPumUzA==",
      "dev": true
    }
  }
}
